
Microsoft Visual Studio Solution File, Format Version 12.00
# Visual Studio 15
VisualStudioVersion = 15.0.27428.1
MinimumVisualStudioVersion = 10.0.40219.1
Project("{FAE04EC0-301F-11D3-BF4B-00C04F79EFBC}") = "PhotoSorter", "PhotoSorter.csproj", "{D9E876ED-6FB6-4099-ADE5-72526C02BEFB}"
EndProject
Global
	GlobalSection(SolutionConfigurationPlatforms) = preSolution
		Debug|Any CPU = Debug|Any CPU
		Release|Any CPU = Release|Any CPU
	EndGlobalSection
	GlobalSection(ProjectConfigurationPlatforms) = postSolution
		{D9E876ED-6FB6-4099-ADE5-72526C02BEFB}.Debug|Any CPU.ActiveCfg = Debug|Any CPU
		{D9E876ED-6FB6-4099-ADE5-72526C02BEFB}.Debug|Any CPU.Build.0 = Debug|Any CPU
		{D9E876ED-6FB6-4099-ADE5-72526C02BEFB}.Release|Any CPU.ActiveCfg = Release|Any CPU
		{D9E876ED-6FB6-4099-ADE5-72526C02BEFB}.Release|Any CPU.Build.0 = Release|Any CPU
	EndGlobalSection
	GlobalSection(SolutionProperties) = preSolution
		HideSolutionNode = FALSE
	EndGlobalSection
	GlobalSection(ExtensibilityGlobals) = postSolution
		SolutionGuid = {EC740415-1ACD-4E23-A204-8E1FB4C0AB95}
	EndGlobalSection
EndGlobal
